# This file is autogenerated, do not edit; changes may be undone by the next 'dep ensure'.


[[projects]]
  name = "github.com/aws/aws-lambda-go"
  packages = [
    "events",
    "lambda",
    "lambda/messages",
    "lambdacontext"
  ]
  revision = "fafa7e49388b8991caf99308e80655ba91816b72"
  version = "v1.1.0"

[[projects]]
  branch = "master"
  name = "github.com/bradfitz/latlong"
  packages = ["."]
  revision = "f3db6d0dff40d47957be82e1a6645574fb041f95"

[[projects]]
  branch = "master"
  name = "github.com/erikstmartin/go-testdb"
  packages = ["."]
  revision = "8d10e4a1bae52cd8b81ffdec3445890d6dccab3d"

[[projects]]
  name = "github.com/kellydunn/golang-geo"
  packages = ["."]
  revision = "0862dac374594467ff6cc454c7cc974536e039b2"
  version = "v0.7.0"

[[projects]]
  branch = "master"
  name = "github.com/kylelemons/go-gypsy"
  packages = ["yaml"]
  revision = "08cad365cd28a7fba23bb1e57aa43c5e18ad8bb8"

[[projects]]
  branch = "master"
  name = "github.com/lib/pq"
  packages = [
    ".",
    "oid"
  ]
  revision = "b2004221932bd6b13167ef654c81cffac36f7537"

[[projects]]
  branch = "master"
  name = "github.com/xeipuuv/gojsonpointer"
  packages = ["."]
  revision = "4e3ac2762d5f479393488629ee9370b50873b3a6"

[[projects]]
  branch = "master"
  name = "github.com/xeipuuv/gojsonreference"
  packages = ["."]
  revision = "bd5ef7bd5415a7ac448318e64f11a24cd21e594b"

[[projects]]
  branch = "master"
  name = "github.com/xeipuuv/gojsonschema"
  packages = ["."]
  revision = "8bcffc811467a5f691810420385be6e66b35a317"

[[projects]]
  name = "github.com/ziutek/mymysql"
  packages = [
    "godrv",
    "mysql",
    "native"
  ]
  revision = "e08c2f35356576b3c3690c252fe5dca728ae9292"
  version = "v1.5.4"

[solve-meta]
  analyzer-name = "dep"
  analyzer-version = 1
  inputs-digest = "2cab67deac66d85df4da629c4fb375dbe182fff4af56451cbb4fabccef0b0767"
  solver-name = "gps-cdcl"
  solver-version = 1
